
Microsoft Visual Studio Solution File, Format Version 12.00
# Visual Studio Version 16
VisualStudioVersion = 16.0.31129.286
MinimumVisualStudioVersion = 10.0.40219.1
Project("{FAE04EC0-301F-11D3-BF4B-00C04F79EFBC}") = "Among Us Cracker", "Among Us Cracker\Among Us Cracker.csproj", "{2373461D-46D0-473B-8F37-B362B94D2E49}"
EndProject
Global
	GlobalSection(SolutionConfigurationPlatforms) = preSolution
		Debug|Any CPU = Debug|Any CPU
		Release|Any CPU = Release|Any CPU
	EndGlobalSection
	GlobalSection(ProjectConfigurationPlatforms) = postSolution
		{2373461D-46D0-473B-8F37-B362B94D2E49}.Debug|Any CPU.ActiveCfg = Debug|Any CPU
		{2373461D-46D0-473B-8F37-B362B94D2E49}.Debug|Any CPU.Build.0 = Debug|Any CPU
		{2373461D-46D0-473B-8F37-B362B94D2E49}.Release|Any CPU.ActiveCfg = Release|Any CPU
		{2373461D-46D0-473B-8F37-B362B94D2E49}.Release|Any CPU.Build.0 = Release|Any CPU
	EndGlobalSection
	GlobalSection(SolutionProperties) = preSolution
		HideSolutionNode = FALSE
	EndGlobalSection
	GlobalSection(ExtensibilityGlobals) = postSolution
		SolutionGuid = {4BA2B069-C952-4B8D-9239-1683F0205296}
	EndGlobalSection
EndGlobal
